
Microsoft Visual Studio Solution File, Format Version 12.00
# Visual Studio Version 16
VisualStudioVersion = 16.0.30503.244
MinimumVisualStudioVersion = 10.0.40219.1
Project("{FAE04EC0-301F-11D3-BF4B-00C04F79EFBC}") = "ANETemplate-Renamer", "ANETemplate-Renamer.csproj", "{72D9F10F-1ECE-4F72-B313-1CEF3665B56A}"
EndProject
Global
	GlobalSection(SolutionConfigurationPlatforms) = preSolution
		Debug|Any CPU = Debug|Any CPU
		Release|Any CPU = Release|Any CPU
	EndGlobalSection
	GlobalSection(ProjectConfigurationPlatforms) = postSolution
		{72D9F10F-1ECE-4F72-B313-1CEF3665B56A}.Debug|Any CPU.ActiveCfg = Debug|Any CPU
		{72D9F10F-1ECE-4F72-B313-1CEF3665B56A}.Debug|Any CPU.Build.0 = Debug|Any CPU
		{72D9F10F-1ECE-4F72-B313-1CEF3665B56A}.Release|Any CPU.ActiveCfg = Release|Any CPU
		{72D9F10F-1ECE-4F72-B313-1CEF3665B56A}.Release|Any CPU.Build.0 = Release|Any CPU
	EndGlobalSection
	GlobalSection(SolutionProperties) = preSolution
		HideSolutionNode = FALSE
	EndGlobalSection
	GlobalSection(ExtensibilityGlobals) = postSolution
		SolutionGuid = {2115FFF9-8665-4E76-ACAE-725FF3900232}
	EndGlobalSection
EndGlobal
